{
  "lockfileVersion": 1,
  "workspaces": {
    "": {
      "name": "finance",
      "dependencies": {
        "@types/nodemailer": "^7.0.3",
        "dotenv": "^17.2.3",
        "ethers": "^6.15.0",
        "graphql": "^16.12.0",
        "graphql-request": "^7.3.1",
        "nodemailer": "^7.0.10",
        "prettier": "^3.6.2",
      },
      "devDependencies": {
        "@types/bun": "latest",
      },
      "peerDependencies": {
        "typescript": "^5",
      },
    },
  },
  "packages": {
    "@adraffy/ens-normalize": ["@adraffy/ens-normalize@1.10.1", "", {}, "sha512-96Z2IP3mYmF1Xg2cDm8f1gWGf/HUVedQ3FMifV4kG/PQ4yEP51xDtRAEfhVNt5f/uzpNkZHwWQuUcu6D6K+Ekw=="],

    "@aws-crypto/sha256-browser": ["@aws-crypto/sha256-browser@5.2.0", "", { "dependencies": { "@aws-crypto/sha256-js": "^5.2.0", "@aws-crypto/supports-web-crypto": "^5.2.0", "@aws-crypto/util": "^5.2.0", "@aws-sdk/types": "^3.222.0", "@aws-sdk/util-locate-window": "^3.0.0", "@smithy/util-utf8": "^2.0.0", "tslib": "^2.6.2" } }, "sha512-AXfN/lGotSQwu6HNcEsIASo7kWXZ5HYWvfOmSNKDsEqC4OashTp8alTmaz+F7TC2L083SFv5RdB+qU3Vs1kZqw=="],

    "@aws-crypto/sha256-js": ["@aws-crypto/sha256-js@5.2.0", "", { "dependencies": { "@aws-crypto/util": "^5.2.0", "@aws-sdk/types": "^3.222.0", "tslib": "^2.6.2" } }, "sha512-FFQQyu7edu4ufvIZ+OadFpHHOt+eSTBaYaki44c+akjg7qZg9oOQeLlk77F6tSYqjDAFClrHJk9tMf0HdVyOvA=="],

    "@aws-crypto/supports-web-crypto": ["@aws-crypto/supports-web-crypto@5.2.0", "", { "dependencies": { "tslib": "^2.6.2" } }, "sha512-iAvUotm021kM33eCdNfwIN//F77/IADDSs58i+MDaOqFrVjZo9bAal0NK7HurRuWLLpF1iLX7gbWrjHjeo+YFg=="],

    "@aws-crypto/util": ["@aws-crypto/util@5.2.0", "", { "dependencies": { "@aws-sdk/types": "^3.222.0", "@smithy/util-utf8": "^2.0.0", "tslib": "^2.6.2" } }, "sha512-4RkU9EsI6ZpBve5fseQlGNUWKMa1RLPQ1dnjnQoe07ldfIzcsGb5hC5W0Dm7u423KWzawlrpbjXBrXCEv9zazQ=="],

    "@aws-sdk/client-sesv2": ["@aws-sdk/client-sesv2@3.927.0", "", { "dependencies": { "@aws-crypto/sha256-browser": "5.2.0", "@aws-crypto/sha256-js": "5.2.0", "@aws-sdk/core": "3.927.0", "@aws-sdk/credential-provider-node": "3.927.0", "@aws-sdk/middleware-host-header": "3.922.0", "@aws-sdk/middleware-logger": "3.922.0", "@aws-sdk/middleware-recursion-detection": "3.922.0", "@aws-sdk/middleware-user-agent": "3.927.0", "@aws-sdk/region-config-resolver": "3.925.0", "@aws-sdk/signature-v4-multi-region": "3.927.0", "@aws-sdk/types": "3.922.0", "@aws-sdk/util-endpoints": "3.922.0", "@aws-sdk/util-user-agent-browser": "3.922.0", "@aws-sdk/util-user-agent-node": "3.927.0", "@smithy/config-resolver": "^4.4.2", "@smithy/core": "^3.17.2", "@smithy/fetch-http-handler": "^5.3.5", "@smithy/hash-node": "^4.2.4", "@smithy/invalid-dependency": "^4.2.4", "@smithy/middleware-content-length": "^4.2.4", "@smithy/middleware-endpoint": "^4.3.6", "@smithy/middleware-retry": "^4.4.6", "@smithy/middleware-serde": "^4.2.4", "@smithy/middleware-stack": "^4.2.4", "@smithy/node-config-provider": "^4.3.4", "@smithy/node-http-handler": "^4.4.4", "@smithy/protocol-http": "^5.3.4", "@smithy/smithy-client": "^4.9.2", "@smithy/types": "^4.8.1", "@smithy/url-parser": "^4.2.4", "@smithy/util-base64": "^4.3.0", "@smithy/util-body-length-browser": "^4.2.0", "@smithy/util-body-length-node": "^4.2.1", "@smithy/util-defaults-mode-browser": "^4.3.5", "@smithy/util-defaults-mode-node": "^4.2.8", "@smithy/util-endpoints": "^3.2.4", "@smithy/util-middleware": "^4.2.4", "@smithy/util-retry": "^4.2.4", "@smithy/util-utf8": "^4.2.0", "tslib": "^2.6.2" } }, "sha512-Dy1YADHM3tylllNJlcR7sEOearNoaV5BfmvUL/zu3vVUDKVR660A4Yegtop9qXPjbmyuQsc2u3v75Qn5SmQolg=="],

    "@aws-sdk/client-sso": ["@aws-sdk/client-sso@3.927.0", "", { "dependencies": { "@aws-crypto/sha256-browser": "5.2.0", "@aws-crypto/sha256-js": "5.2.0", "@aws-sdk/core": "3.927.0", "@aws-sdk/middleware-host-header": "3.922.0", "@aws-sdk/middleware-logger": "3.922.0", "@aws-sdk/middleware-recursion-detection": "3.922.0", "@aws-sdk/middleware-user-agent": "3.927.0", "@aws-sdk/region-config-resolver": "3.925.0", "@aws-sdk/types": "3.922.0", "@aws-sdk/util-endpoints": "3.922.0", "@aws-sdk/util-user-agent-browser": "3.922.0", "@aws-sdk/util-user-agent-node": "3.927.0", "@smithy/config-resolver": "^4.4.2", "@smithy/core": "^3.17.2", "@smithy/fetch-http-handler": "^5.3.5", "@smithy/hash-node": "^4.2.4", "@smithy/invalid-dependency": "^4.2.4", "@smithy/middleware-content-length": "^4.2.4", "@smithy/middleware-endpoint": "^4.3.6", "@smithy/middleware-retry": "^4.4.6", "@smithy/middleware-serde": "^4.2.4", "@smithy/middleware-stack": "^4.2.4", "@smithy/node-config-provider": "^4.3.4", "@smithy/node-http-handler": "^4.4.4", "@smithy/protocol-http": "^5.3.4", "@smithy/smithy-client": "^4.9.2", "@smithy/types": "^4.8.1", "@smithy/url-parser": "^4.2.4", "@smithy/util-base64": "^4.3.0", "@smithy/util-body-length-browser": "^4.2.0", "@smithy/util-body-length-node": "^4.2.1", "@smithy/util-defaults-mode-browser": "^4.3.5", "@smithy/util-defaults-mode-node": "^4.2.8", "@smithy/util-endpoints": "^3.2.4", "@smithy/util-middleware": "^4.2.4", "@smithy/util-retry": "^4.2.4", "@smithy/util-utf8": "^4.2.0", "tslib": "^2.6.2" } }, "sha512-O+e+jo6ei7U/BA7lhT4mmPCWmeR9dFgGUHVwCwJ5c/nCaSaHQ+cb7j2h8WPXERu0LhPSFyj1aD5dk3jFIwNlbg=="],

    "@aws-sdk/core": ["@aws-sdk/core@3.927.0", "", { "dependencies": { "@aws-sdk/types": "3.922.0", "@aws-sdk/xml-builder": "3.921.0", "@smithy/core": "^3.17.2", "@smithy/node-config-provider": "^4.3.4", "@smithy/property-provider": "^4.2.4", "@smithy/protocol-http": "^5.3.4", "@smithy/signature-v4": "^5.3.4", "@smithy/smithy-client": "^4.9.2", "@smithy/types": "^4.8.1", "@smithy/util-base64": "^4.3.0", "@smithy/util-middleware": "^4.2.4", "@smithy/util-utf8": "^4.2.0", "tslib": "^2.6.2" } }, "sha512-QOtR9QdjNeC7bId3fc/6MnqoEezvQ2Fk+x6F+Auf7NhOxwYAtB1nvh0k3+gJHWVGpfxN1I8keahRZd79U68/ag=="],

    "@aws-sdk/credential-provider-env": ["@aws-sdk/credential-provider-env@3.927.0", "", { "dependencies": { "@aws-sdk/core": "3.927.0", "@aws-sdk/types": "3.922.0", "@smithy/property-provider": "^4.2.4", "@smithy/types": "^4.8.1", "tslib": "^2.6.2" } }, "sha512-bAllBpmaWINpf0brXQWh/hjkBctapknZPYb3FJRlBHytEGHi7TpgqBXi8riT0tc6RVWChhnw58rQz22acOmBuw=="],

    "@aws-sdk/credential-provider-http": ["@aws-sdk/credential-provider-http@3.927.0", "", { "dependencies": { "@aws-sdk/core": "3.927.0", "@aws-sdk/types": "3.922.0", "@smithy/fetch-http-handler": "^5.3.5", "@smithy/node-http-handler": "^4.4.4", "@smithy/property-provider": "^4.2.4", "@smithy/protocol-http": "^5.3.4", "@smithy/smithy-client": "^4.9.2", "@smithy/types": "^4.8.1", "@smithy/util-stream": "^4.5.5", "tslib": "^2.6.2" } }, "sha512-jEvb8C7tuRBFhe8vZY9vm9z6UQnbP85IMEt3Qiz0dxAd341Hgu0lOzMv5mSKQ5yBnTLq+t3FPKgD9tIiHLqxSQ=="],

    "@aws-sdk/credential-provider-ini": ["@aws-sdk/credential-provider-ini@3.927.0", "", { "dependencies": { "@aws-sdk/core": "3.927.0", "@aws-sdk/credential-provider-env": "3.927.0", "@aws-sdk/credential-provider-http": "3.927.0", "@aws-sdk/credential-provider-process": "3.927.0", "@aws-sdk/credential-provider-sso": "3.927.0", "@aws-sdk/credential-provider-web-identity": "3.927.0", "@aws-sdk/nested-clients": "3.927.0", "@aws-sdk/types": "3.922.0", "@smithy/credential-provider-imds": "^4.2.4", "@smithy/property-provider": "^4.2.4", "@smithy/shared-ini-file-loader": "^4.3.4", "@smithy/types": "^4.8.1", "tslib": "^2.6.2" } }, "sha512-WvliaKYT7bNLiryl/FsZyUwRGBo/CWtboekZWvSfloAb+0SKFXWjmxt3z+Y260aoaPm/LIzEyslDHfxqR9xCJQ=="],

    "@aws-sdk/credential-provider-node": ["@aws-sdk/credential-provider-node@3.927.0", "", { "dependencies": { "@aws-sdk/credential-provider-env": "3.927.0", "@aws-sdk/credential-provider-http": "3.927.0", "@aws-sdk/credential-provider-ini": "3.927.0", "@aws-sdk/credential-provider-process": "3.927.0", "@aws-sdk/credential-provider-sso": "3.927.0", "@aws-sdk/credential-provider-web-identity": "3.927.0", "@aws-sdk/types": "3.922.0", "@smithy/credential-provider-imds": "^4.2.4", "@smithy/property-provider": "^4.2.4", "@smithy/shared-ini-file-loader": "^4.3.4", "@smithy/types": "^4.8.1", "tslib": "^2.6.2" } }, "sha512-M6BLrI+WHQ7PUY1aYu2OkI/KEz9aca+05zyycACk7cnlHlZaQ3vTFd0xOqF+A1qaenQBuxApOTs7Z21pnPUo9Q=="],

    "@aws-sdk/credential-provider-process": ["@aws-sdk/credential-provider-process@3.927.0", "", { "dependencies": { "@aws-sdk/core": "3.927.0", "@aws-sdk/types": "3.922.0", "@smithy/property-provider": "^4.2.4", "@smithy/shared-ini-file-loader": "^4.3.4", "@smithy/types": "^4.8.1", "tslib": "^2.6.2" } }, "sha512-rvqdZIN3TRhLKssufN5G2EWLMBct3ZebOBdwr0tuOoPEdaYflyXYYUScu+Beb541CKfXaFnEOlZokq12r7EPcQ=="],

    "@aws-sdk/credential-provider-sso": ["@aws-sdk/credential-provider-sso@3.927.0", "", { "dependencies": { "@aws-sdk/client-sso": "3.927.0", "@aws-sdk/core": "3.927.0", "@aws-sdk/token-providers": "3.927.0", "@aws-sdk/types": "3.922.0", "@smithy/property-provider": "^4.2.4", "@smithy/shared-ini-file-loader": "^4.3.4", "@smithy/types": "^4.8.1", "tslib": "^2.6.2" } }, "sha512-XrCuncze/kxZE6WYEWtNMGtrJvJtyhUqav4xQQ9PJcNjxCUYiIRv7Gwkt7cuwJ1HS+akQj+JiZmljAg97utfDw=="],

    "@aws-sdk/credential-provider-web-identity": ["@aws-sdk/credential-provider-web-identity@3.927.0", "", { "dependencies": { "@aws-sdk/core": "3.927.0", "@aws-sdk/nested-clients": "3.927.0", "@aws-sdk/types": "3.922.0", "@smithy/property-provider": "^4.2.4", "@smithy/shared-ini-file-loader": "^4.3.4", "@smithy/types": "^4.8.1", "tslib": "^2.6.2" } }, "sha512-Oh/aFYjZQsIiZ2PQEgTNvqEE/mmOYxZKZzXV86qrU3jBUfUUBvprUZc684nBqJbSKPwM5jCZtxiRYh+IrZDE7A=="],

    "@aws-sdk/middleware-host-header": ["@aws-sdk/middleware-host-header@3.922.0", "", { "dependencies": { "@aws-sdk/types": "3.922.0", "@smithy/protocol-http": "^5.3.4", "@smithy/types": "^4.8.1", "tslib": "^2.6.2" } }, "sha512-HPquFgBnq/KqKRVkiuCt97PmWbKtxQ5iUNLEc6FIviqOoZTmaYG3EDsIbuFBz9C4RHJU4FKLmHL2bL3FEId6AA=="],

    "@aws-sdk/middleware-logger": ["@aws-sdk/middleware-logger@3.922.0", "", { "dependencies": { "@aws-sdk/types": "3.922.0", "@smithy/types": "^4.8.1", "tslib": "^2.6.2" } }, "sha512-AkvYO6b80FBm5/kk2E636zNNcNgjztNNUxpqVx+huyGn9ZqGTzS4kLqW2hO6CBe5APzVtPCtiQsXL24nzuOlAg=="],

    "@aws-sdk/middleware-recursion-detection": ["@aws-sdk/middleware-recursion-detection@3.922.0", "", { "dependencies": { "@aws-sdk/types": "3.922.0", "@aws/lambda-invoke-store": "^0.1.1", "@smithy/protocol-http": "^5.3.4", "@smithy/types": "^4.8.1", "tslib": "^2.6.2" } }, "sha512-TtSCEDonV/9R0VhVlCpxZbp/9sxQvTTRKzIf8LxW3uXpby6Wl8IxEciBJlxmSkoqxh542WRcko7NYODlvL/gDA=="],

    "@aws-sdk/middleware-sdk-s3": ["@aws-sdk/middleware-sdk-s3@3.927.0", "", { "dependencies": { "@aws-sdk/core": "3.927.0", "@aws-sdk/types": "3.922.0", "@aws-sdk/util-arn-parser": "3.893.0", "@smithy/core": "^3.17.2", "@smithy/node-config-provider": "^4.3.4", "@smithy/protocol-http": "^5.3.4", "@smithy/signature-v4": "^5.3.4", "@smithy/smithy-client": "^4.9.2", "@smithy/types": "^4.8.1", "@smithy/util-config-provider": "^4.2.0", "@smithy/util-middleware": "^4.2.4", "@smithy/util-stream": "^4.5.5", "@smithy/util-utf8": "^4.2.0", "tslib": "^2.6.2" } }, "sha512-kl39er2nUDIw21jxniBxCOnsw1m6gz7juuIn1cIyOAkUyPkkDpQT9+vTFpJcyNDkW+USxykBNe7HIXNiCKLyUg=="],

    "@aws-sdk/middleware-user-agent": ["@aws-sdk/middleware-user-agent@3.927.0", "", { "dependencies": { "@aws-sdk/core": "3.927.0", "@aws-sdk/types": "3.922.0", "@aws-sdk/util-endpoints": "3.922.0", "@smithy/core": "^3.17.2", "@smithy/protocol-http": "^5.3.4", "@smithy/types": "^4.8.1", "tslib": "^2.6.2" } }, "sha512-sv6St9EgEka6E7y19UMCsttFBZ8tsmz2sstgRd7LztlX3wJynpeDUhq0gtedguG1lGZY/gDf832k5dqlRLUk7g=="],

    "@aws-sdk/nested-clients": ["@aws-sdk/nested-clients@3.927.0", "", { "dependencies": { "@aws-crypto/sha256-browser": "5.2.0", "@aws-crypto/sha256-js": "5.2.0", "@aws-sdk/core": "3.927.0", "@aws-sdk/middleware-host-header": "3.922.0", "@aws-sdk/middleware-logger": "3.922.0", "@aws-sdk/middleware-recursion-detection": "3.922.0", "@aws-sdk/middleware-user-agent": "3.927.0", "@aws-sdk/region-config-resolver": "3.925.0", "@aws-sdk/types": "3.922.0", "@aws-sdk/util-endpoints": "3.922.0", "@aws-sdk/util-user-agent-browser": "3.922.0", "@aws-sdk/util-user-agent-node": "3.927.0", "@smithy/config-resolver": "^4.4.2", "@smithy/core": "^3.17.2", "@smithy/fetch-http-handler": "^5.3.5", "@smithy/hash-node": "^4.2.4", "@smithy/invalid-dependency": "^4.2.4", "@smithy/middleware-content-length": "^4.2.4", "@smithy/middleware-endpoint": "^4.3.6", "@smithy/middleware-retry": "^4.4.6", "@smithy/middleware-serde": "^4.2.4", "@smithy/middleware-stack": "^4.2.4", "@smithy/node-config-provider": "^4.3.4", "@smithy/node-http-handler": "^4.4.4", "@smithy/protocol-http": "^5.3.4", "@smithy/smithy-client": "^4.9.2", "@smithy/types": "^4.8.1", "@smithy/url-parser": "^4.2.4", "@smithy/util-base64": "^4.3.0", "@smithy/util-body-length-browser": "^4.2.0", "@smithy/util-body-length-node": "^4.2.1", "@smithy/util-defaults-mode-browser": "^4.3.5", "@smithy/util-defaults-mode-node": "^4.2.8", "@smithy/util-endpoints": "^3.2.4", "@smithy/util-middleware": "^4.2.4", "@smithy/util-retry": "^4.2.4", "@smithy/util-utf8": "^4.2.0", "tslib": "^2.6.2" } }, "sha512-Oy6w7+fzIdr10DhF/HpfVLy6raZFTdiE7pxS1rvpuj2JgxzW2y6urm2sYf3eLOpMiHyuG4xUBwFiJpU9CCEvJA=="],

    "@aws-sdk/region-config-resolver": ["@aws-sdk/region-config-resolver@3.925.0", "", { "dependencies": { "@aws-sdk/types": "3.922.0", "@smithy/config-resolver": "^4.4.2", "@smithy/node-config-provider": "^4.3.4", "@smithy/types": "^4.8.1", "tslib": "^2.6.2" } }, "sha512-FOthcdF9oDb1pfQBRCfWPZhJZT5wqpvdAS5aJzB1WDZ+6EuaAhLzLH/fW1slDunIqq1PSQGG3uSnVglVVOvPHQ=="],

    "@aws-sdk/signature-v4-multi-region": ["@aws-sdk/signature-v4-multi-region@3.927.0", "", { "dependencies": { "@aws-sdk/middleware-sdk-s3": "3.927.0", "@aws-sdk/types": "3.922.0", "@smithy/protocol-http": "^5.3.4", "@smithy/signature-v4": "^5.3.4", "@smithy/types": "^4.8.1", "tslib": "^2.6.2" } }, "sha512-P0TZxFhNxj2V9LtR9vk8b3RVbnKt7HkPRptnZafpKjvG6VhWch8bDmrEveCIT8XP2vSUc/5O6a7S3MuPPgnTJA=="],

    "@aws-sdk/token-providers": ["@aws-sdk/token-providers@3.927.0", "", { "dependencies": { "@aws-sdk/core": "3.927.0", "@aws-sdk/nested-clients": "3.927.0", "@aws-sdk/types": "3.922.0", "@smithy/property-provider": "^4.2.4", "@smithy/shared-ini-file-loader": "^4.3.4", "@smithy/types": "^4.8.1", "tslib": "^2.6.2" } }, "sha512-JRdaprkZjZ6EY4WVwsZaEjPUj9W9vqlSaFDm4oD+IbwlY4GjAXuUQK6skKcvVyoOsSTvJp/CaveSws2FiWUp9Q=="],

    "@aws-sdk/types": ["@aws-sdk/types@3.922.0", "", { "dependencies": { "@smithy/types": "^4.8.1", "tslib": "^2.6.2" } }, "sha512-eLA6XjVobAUAMivvM7DBL79mnHyrm+32TkXNWZua5mnxF+6kQCfblKKJvxMZLGosO53/Ex46ogim8IY5Nbqv2w=="],

    "@aws-sdk/util-arn-parser": ["@aws-sdk/util-arn-parser@3.893.0", "", { "dependencies": { "tslib": "^2.6.2" } }, "sha512-u8H4f2Zsi19DGnwj5FSZzDMhytYF/bCh37vAtBsn3cNDL3YG578X5oc+wSX54pM3tOxS+NY7tvOAo52SW7koUA=="],

    "@aws-sdk/util-endpoints": ["@aws-sdk/util-endpoints@3.922.0", "", { "dependencies": { "@aws-sdk/types": "3.922.0", "@smithy/types": "^4.8.1", "@smithy/url-parser": "^4.2.4", "@smithy/util-endpoints": "^3.2.4", "tslib": "^2.6.2" } }, "sha512-4ZdQCSuNMY8HMlR1YN4MRDdXuKd+uQTeKIr5/pIM+g3TjInZoj8imvXudjcrFGA63UF3t92YVTkBq88mg58RXQ=="],

    "@aws-sdk/util-locate-window": ["@aws-sdk/util-locate-window@3.893.0", "", { "dependencies": { "tslib": "^2.6.2" } }, "sha512-T89pFfgat6c8nMmpI8eKjBcDcgJq36+m9oiXbcUzeU55MP9ZuGgBomGjGnHaEyF36jenW9gmg3NfZDm0AO2XPg=="],

    "@aws-sdk/util-user-agent-browser": ["@aws-sdk/util-user-agent-browser@3.922.0", "", { "dependencies": { "@aws-sdk/types": "3.922.0", "@smithy/types": "^4.8.1", "bowser": "^2.11.0", "tslib": "^2.6.2" } }, "sha512-qOJAERZ3Plj1st7M4Q5henl5FRpE30uLm6L9edZqZXGR6c7ry9jzexWamWVpQ4H4xVAVmiO9dIEBAfbq4mduOA=="],

    "@aws-sdk/util-user-agent-node": ["@aws-sdk/util-user-agent-node@3.927.0", "", { "dependencies": { "@aws-sdk/middleware-user-agent": "3.927.0", "@aws-sdk/types": "3.922.0", "@smithy/node-config-provider": "^4.3.4", "@smithy/types": "^4.8.1", "tslib": "^2.6.2" }, "peerDependencies": { "aws-crt": ">=1.0.0" }, "optionalPeers": ["aws-crt"] }, "sha512-5Ty+29jBTHg1mathEhLJavzA7A7vmhephRYGenFzo8rApLZh+c+MCAqjddSjdDzcf5FH+ydGGnIrj4iIfbZIMQ=="],

    "@aws-sdk/xml-builder": ["@aws-sdk/xml-builder@3.921.0", "", { "dependencies": { "@smithy/types": "^4.8.1", "fast-xml-parser": "5.2.5", "tslib": "^2.6.2" } }, "sha512-LVHg0jgjyicKKvpNIEMXIMr1EBViESxcPkqfOlT+X1FkmUMTNZEEVF18tOJg4m4hV5vxtkWcqtr4IEeWa1C41Q=="],

    "@aws/lambda-invoke-store": ["@aws/lambda-invoke-store@0.1.1", "", {}, "sha512-RcLam17LdlbSOSp9VxmUu1eI6Mwxp+OwhD2QhiSNmNCzoDb0EeUXTD2n/WbcnrAYMGlmf05th6QYq23VqvJqpA=="],

    "@graphql-typed-document-node/core": ["@graphql-typed-document-node/core@3.2.0", "", { "peerDependencies": { "graphql": "^0.8.0 || ^0.9.0 || ^0.10.0 || ^0.11.0 || ^0.12.0 || ^0.13.0 || ^14.0.0 || ^15.0.0 || ^16.0.0 || ^17.0.0" } }, "sha512-mB9oAsNCm9aM3/SOv4YtBMqZbYj10R7dkq8byBqxGY/ncFwhf2oQzMV+LCRlWoDSEBJ3COiR1yeDvMtsoOsuFQ=="],

    "@noble/curves": ["@noble/curves@1.2.0", "", { "dependencies": { "@noble/hashes": "1.3.2" } }, "sha512-oYclrNgRaM9SsBUBVbb8M6DTV7ZHRTKugureoYEncY5c65HOmRzvSiTE3y5CYaPYJA/GVkrhXEoF0M3Ya9PMnw=="],

    "@noble/hashes": ["@noble/hashes@1.3.2", "", {}, "sha512-MVC8EAQp7MvEcm30KWENFjgR+Mkmf+D189XJTkFIlwohU5hcBbn1ZkKq7KVTi2Hme3PMGF390DaL52beVrIihQ=="],

    "@smithy/abort-controller": ["@smithy/abort-controller@4.2.4", "", { "dependencies": { "@smithy/types": "^4.8.1", "tslib": "^2.6.2" } }, "sha512-Z4DUr/AkgyFf1bOThW2HwzREagee0sB5ycl+hDiSZOfRLW8ZgrOjDi6g8mHH19yyU5E2A/64W3z6SMIf5XiUSQ=="],

    "@smithy/config-resolver": ["@smithy/config-resolver@4.4.2", "", { "dependencies": { "@smithy/node-config-provider": "^4.3.4", "@smithy/types": "^4.8.1", "@smithy/util-config-provider": "^4.2.0", "@smithy/util-endpoints": "^3.2.4", "@smithy/util-middleware": "^4.2.4", "tslib": "^2.6.2" } }, "sha512-4Jys0ni2tB2VZzgslbEgszZyMdTkPOFGA8g+So/NjR8oy6Qwaq4eSwsrRI+NMtb0Dq4kqCzGUu/nGUx7OM/xfw=="],

    "@smithy/core": ["@smithy/core@3.17.2", "", { "dependencies": { "@smithy/middleware-serde": "^4.2.4", "@smithy/protocol-http": "^5.3.4", "@smithy/types": "^4.8.1", "@smithy/util-base64": "^4.3.0", "@smithy/util-body-length-browser": "^4.2.0", "@smithy/util-middleware": "^4.2.4", "@smithy/util-stream": "^4.5.5", "@smithy/util-utf8": "^4.2.0", "@smithy/uuid": "^1.1.0", "tslib": "^2.6.2" } }, "sha512-n3g4Nl1Te+qGPDbNFAYf+smkRVB+JhFsGy9uJXXZQEufoP4u0r+WLh6KvTDolCswaagysDc/afS1yvb2jnj1gQ=="],

    "@smithy/credential-provider-imds": ["@smithy/credential-provider-imds@4.2.4", "", { "dependencies": { "@smithy/node-config-provider": "^4.3.4", "@smithy/property-provider": "^4.2.4", "@smithy/types": "^4.8.1", "@smithy/url-parser": "^4.2.4", "tslib": "^2.6.2" } }, "sha512-YVNMjhdz2pVto5bRdux7GMs0x1m0Afz3OcQy/4Yf9DH4fWOtroGH7uLvs7ZmDyoBJzLdegtIPpXrpJOZWvUXdw=="],

    "@smithy/fetch-http-handler": ["@smithy/fetch-http-handler@5.3.5", "", { "dependencies": { "@smithy/protocol-http": "^5.3.4", "@smithy/querystring-builder": "^4.2.4", "@smithy/types": "^4.8.1", "@smithy/util-base64": "^4.3.0", "tslib": "^2.6.2" } }, "sha512-mg83SM3FLI8Sa2ooTJbsh5MFfyMTyNRwxqpKHmE0ICRIa66Aodv80DMsTQI02xBLVJ0hckwqTRr5IGAbbWuFLQ=="],

    "@smithy/hash-node": ["@smithy/hash-node@4.2.4", "", { "dependencies": { "@smithy/types": "^4.8.1", "@smithy/util-buffer-from": "^4.2.0", "@smithy/util-utf8": "^4.2.0", "tslib": "^2.6.2" } }, "sha512-kKU0gVhx/ppVMntvUOZE7WRMFW86HuaxLwvqileBEjL7PoILI8/djoILw3gPQloGVE6O0oOzqafxeNi2KbnUJw=="],

    "@smithy/invalid-dependency": ["@smithy/invalid-dependency@4.2.4", "", { "dependencies": { "@smithy/types": "^4.8.1", "tslib": "^2.6.2" } }, "sha512-z6aDLGiHzsMhbS2MjetlIWopWz//K+mCoPXjW6aLr0mypF+Y7qdEh5TyJ20Onf9FbWHiWl4eC+rITdizpnXqOw=="],

    "@smithy/is-array-buffer": ["@smithy/is-array-buffer@4.2.0", "", { "dependencies": { "tslib": "^2.6.2" } }, "sha512-DZZZBvC7sjcYh4MazJSGiWMI2L7E0oCiRHREDzIxi/M2LY79/21iXt6aPLHge82wi5LsuRF5A06Ds3+0mlh6CQ=="],

    "@smithy/middleware-content-length": ["@smithy/middleware-content-length@4.2.4", "", { "dependencies": { "@smithy/protocol-http": "^5.3.4", "@smithy/types": "^4.8.1", "tslib": "^2.6.2" } }, "sha512-hJRZuFS9UsElX4DJSJfoX4M1qXRH+VFiLMUnhsWvtOOUWRNvvOfDaUSdlNbjwv1IkpVjj/Rd/O59Jl3nhAcxow=="],

    "@smithy/middleware-endpoint": ["@smithy/middleware-endpoint@4.3.6", "", { "dependencies": { "@smithy/core": "^3.17.2", "@smithy/middleware-serde": "^4.2.4", "@smithy/node-config-provider": "^4.3.4", "@smithy/shared-ini-file-loader": "^4.3.4", "@smithy/types": "^4.8.1", "@smithy/url-parser": "^4.2.4", "@smithy/util-middleware": "^4.2.4", "tslib": "^2.6.2" } }, "sha512-PXehXofGMFpDqr933rxD8RGOcZ0QBAWtuzTgYRAHAL2BnKawHDEdf/TnGpcmfPJGwonhginaaeJIKluEojiF/w=="],

    "@smithy/middleware-retry": ["@smithy/middleware-retry@4.4.6", "", { "dependencies": { "@smithy/node-config-provider": "^4.3.4", "@smithy/protocol-http": "^5.3.4", "@smithy/service-error-classification": "^4.2.4", "@smithy/smithy-client": "^4.9.2", "@smithy/types": "^4.8.1", "@smithy/util-middleware": "^4.2.4", "@smithy/util-retry": "^4.2.4", "@smithy/uuid": "^1.1.0", "tslib": "^2.6.2" } }, "sha512-OhLx131znrEDxZPAvH/OYufR9d1nB2CQADyYFN4C3V/NQS7Mg4V6uvxHC/Dr96ZQW8IlHJTJ+vAhKt6oxWRndA=="],

    "@smithy/middleware-serde": ["@smithy/middleware-serde@4.2.4", "", { "dependencies": { "@smithy/protocol-http": "^5.3.4", "@smithy/types": "^4.8.1", "tslib": "^2.6.2" } }, "sha512-jUr3x2CDhV15TOX2/Uoz4gfgeqLrRoTQbYAuhLS7lcVKNev7FeYSJ1ebEfjk+l9kbb7k7LfzIR/irgxys5ZTOg=="],

    "@smithy/middleware-stack": ["@smithy/middleware-stack@4.2.4", "", { "dependencies": { "@smithy/types": "^4.8.1", "tslib": "^2.6.2" } }, "sha512-Gy3TKCOnm9JwpFooldwAboazw+EFYlC+Bb+1QBsSi5xI0W5lX81j/P5+CXvD/9ZjtYKRgxq+kkqd/KOHflzvgA=="],

    "@smithy/node-config-provider": ["@smithy/node-config-provider@4.3.4", "", { "dependencies": { "@smithy/property-provider": "^4.2.4", "@smithy/shared-ini-file-loader": "^4.3.4", "@smithy/types": "^4.8.1", "tslib": "^2.6.2" } }, "sha512-3X3w7qzmo4XNNdPKNS4nbJcGSwiEMsNsRSunMA92S4DJLLIrH5g1AyuOA2XKM9PAPi8mIWfqC+fnfKNsI4KvHw=="],

    "@smithy/node-http-handler": ["@smithy/node-http-handler@4.4.4", "", { "dependencies": { "@smithy/abort-controller": "^4.2.4", "@smithy/protocol-http": "^5.3.4", "@smithy/querystring-builder": "^4.2.4", "@smithy/types": "^4.8.1", "tslib": "^2.6.2" } }, "sha512-VXHGfzCXLZeKnFp6QXjAdy+U8JF9etfpUXD1FAbzY1GzsFJiDQRQIt2CnMUvUdz3/YaHNqT3RphVWMUpXTIODA=="],

    "@smithy/property-provider": ["@smithy/property-provider@4.2.4", "", { "dependencies": { "@smithy/types": "^4.8.1", "tslib": "^2.6.2" } }, "sha512-g2DHo08IhxV5GdY3Cpt/jr0mkTlAD39EJKN27Jb5N8Fb5qt8KG39wVKTXiTRCmHHou7lbXR8nKVU14/aRUf86w=="],

    "@smithy/protocol-http": ["@smithy/protocol-http@5.3.4", "", { "dependencies": { "@smithy/types": "^4.8.1", "tslib": "^2.6.2" } }, "sha512-3sfFd2MAzVt0Q/klOmjFi3oIkxczHs0avbwrfn1aBqtc23WqQSmjvk77MBw9WkEQcwbOYIX5/2z4ULj8DuxSsw=="],

    "@smithy/querystring-builder": ["@smithy/querystring-builder@4.2.4", "", { "dependencies": { "@smithy/types": "^4.8.1", "@smithy/util-uri-escape": "^4.2.0", "tslib": "^2.6.2" } }, "sha512-KQ1gFXXC+WsbPFnk7pzskzOpn4s+KheWgO3dzkIEmnb6NskAIGp/dGdbKisTPJdtov28qNDohQrgDUKzXZBLig=="],

    "@smithy/querystring-parser": ["@smithy/querystring-parser@4.2.4", "", { "dependencies": { "@smithy/types": "^4.8.1", "tslib": "^2.6.2" } }, "sha512-aHb5cqXZocdzEkZ/CvhVjdw5l4r1aU/9iMEyoKzH4eXMowT6M0YjBpp7W/+XjkBnY8Xh0kVd55GKjnPKlCwinQ=="],

    "@smithy/service-error-classification": ["@smithy/service-error-classification@4.2.4", "", { "dependencies": { "@smithy/types": "^4.8.1" } }, "sha512-fdWuhEx4+jHLGeew9/IvqVU/fxT/ot70tpRGuOLxE3HzZOyKeTQfYeV1oaBXpzi93WOk668hjMuuagJ2/Qs7ng=="],

    "@smithy/shared-ini-file-loader": ["@smithy/shared-ini-file-loader@4.3.4", "", { "dependencies": { "@smithy/types": "^4.8.1", "tslib": "^2.6.2" } }, "sha512-y5ozxeQ9omVjbnJo9dtTsdXj9BEvGx2X8xvRgKnV+/7wLBuYJQL6dOa/qMY6omyHi7yjt1OA97jZLoVRYi8lxA=="],

    "@smithy/signature-v4": ["@smithy/signature-v4@5.3.4", "", { "dependencies": { "@smithy/is-array-buffer": "^4.2.0", "@smithy/protocol-http": "^5.3.4", "@smithy/types": "^4.8.1", "@smithy/util-hex-encoding": "^4.2.0", "@smithy/util-middleware": "^4.2.4", "@smithy/util-uri-escape": "^4.2.0", "@smithy/util-utf8": "^4.2.0", "tslib": "^2.6.2" } }, "sha512-ScDCpasxH7w1HXHYbtk3jcivjvdA1VICyAdgvVqKhKKwxi+MTwZEqFw0minE+oZ7F07oF25xh4FGJxgqgShz0A=="],

    "@smithy/smithy-client": ["@smithy/smithy-client@4.9.2", "", { "dependencies": { "@smithy/core": "^3.17.2", "@smithy/middleware-endpoint": "^4.3.6", "@smithy/middleware-stack": "^4.2.4", "@smithy/protocol-http": "^5.3.4", "@smithy/types": "^4.8.1", "@smithy/util-stream": "^4.5.5", "tslib": "^2.6.2" } }, "sha512-gZU4uAFcdrSi3io8U99Qs/FvVdRxPvIMToi+MFfsy/DN9UqtknJ1ais+2M9yR8e0ASQpNmFYEKeIKVcMjQg3rg=="],

    "@smithy/types": ["@smithy/types@4.8.1", "", { "dependencies": { "tslib": "^2.6.2" } }, "sha512-N0Zn0OT1zc+NA+UVfkYqQzviRh5ucWwO7mBV3TmHHprMnfcJNfhlPicDkBHi0ewbh+y3evR6cNAW0Raxvb01NA=="],

    "@smithy/url-parser": ["@smithy/url-parser@4.2.4", "", { "dependencies": { "@smithy/querystring-parser": "^4.2.4", "@smithy/types": "^4.8.1", "tslib": "^2.6.2" } }, "sha512-w/N/Iw0/PTwJ36PDqU9PzAwVElo4qXxCC0eCTlUtIz/Z5V/2j/cViMHi0hPukSBHp4DVwvUlUhLgCzqSJ6plrg=="],

    "@smithy/util-base64": ["@smithy/util-base64@4.3.0", "", { "dependencies": { "@smithy/util-buffer-from": "^4.2.0", "@smithy/util-utf8": "^4.2.0", "tslib": "^2.6.2" } }, "sha512-GkXZ59JfyxsIwNTWFnjmFEI8kZpRNIBfxKjv09+nkAWPt/4aGaEWMM04m4sxgNVWkbt2MdSvE3KF/PfX4nFedQ=="],

    "@smithy/util-body-length-browser": ["@smithy/util-body-length-browser@4.2.0", "", { "dependencies": { "tslib": "^2.6.2" } }, "sha512-Fkoh/I76szMKJnBXWPdFkQJl2r9SjPt3cMzLdOB6eJ4Pnpas8hVoWPYemX/peO0yrrvldgCUVJqOAjUrOLjbxg=="],

    "@smithy/util-body-length-node": ["@smithy/util-body-length-node@4.2.1", "", { "dependencies": { "tslib": "^2.6.2" } }, "sha512-h53dz/pISVrVrfxV1iqXlx5pRg3V2YWFcSQyPyXZRrZoZj4R4DeWRDo1a7dd3CPTcFi3kE+98tuNyD2axyZReA=="],

    "@smithy/util-buffer-from": ["@smithy/util-buffer-from@4.2.0", "", { "dependencies": { "@smithy/is-array-buffer": "^4.2.0", "tslib": "^2.6.2" } }, "sha512-kAY9hTKulTNevM2nlRtxAG2FQ3B2OR6QIrPY3zE5LqJy1oxzmgBGsHLWTcNhWXKchgA0WHW+mZkQrng/pgcCew=="],

    "@smithy/util-config-provider": ["@smithy/util-config-provider@4.2.0", "", { "dependencies": { "tslib": "^2.6.2" } }, "sha512-YEjpl6XJ36FTKmD+kRJJWYvrHeUvm5ykaUS5xK+6oXffQPHeEM4/nXlZPe+Wu0lsgRUcNZiliYNh/y7q9c2y6Q=="],

    "@smithy/util-defaults-mode-browser": ["@smithy/util-defaults-mode-browser@4.3.5", "", { "dependencies": { "@smithy/property-provider": "^4.2.4", "@smithy/smithy-client": "^4.9.2", "@smithy/types": "^4.8.1", "tslib": "^2.6.2" } }, "sha512-GwaGjv/QLuL/QHQaqhf/maM7+MnRFQQs7Bsl6FlaeK6lm6U7mV5AAnVabw68cIoMl5FQFyKK62u7RWRzWL25OQ=="],

    "@smithy/util-defaults-mode-node": ["@smithy/util-defaults-mode-node@4.2.8", "", { "dependencies": { "@smithy/config-resolver": "^4.4.2", "@smithy/credential-provider-imds": "^4.2.4", "@smithy/node-config-provider": "^4.3.4", "@smithy/property-provider": "^4.2.4", "@smithy/smithy-client": "^4.9.2", "@smithy/types": "^4.8.1", "tslib": "^2.6.2" } }, "sha512-gIoTf9V/nFSIZ0TtgDNLd+Ws59AJvijmMDYrOozoMHPJaG9cMRdqNO50jZTlbM6ydzQYY8L/mQ4tKSw/TB+s6g=="],

    "@smithy/util-endpoints": ["@smithy/util-endpoints@3.2.4", "", { "dependencies": { "@smithy/node-config-provider": "^4.3.4", "@smithy/types": "^4.8.1", "tslib": "^2.6.2" } }, "sha512-f+nBDhgYRCmUEDKEQb6q0aCcOTXRDqH5wWaFHJxt4anB4pKHlgGoYP3xtioKXH64e37ANUkzWf6p4Mnv1M5/Vg=="],

    "@smithy/util-hex-encoding": ["@smithy/util-hex-encoding@4.2.0", "", { "dependencies": { "tslib": "^2.6.2" } }, "sha512-CCQBwJIvXMLKxVbO88IukazJD9a4kQ9ZN7/UMGBjBcJYvatpWk+9g870El4cB8/EJxfe+k+y0GmR9CAzkF+Nbw=="],

    "@smithy/util-middleware": ["@smithy/util-middleware@4.2.4", "", { "dependencies": { "@smithy/types": "^4.8.1", "tslib": "^2.6.2" } }, "sha512-fKGQAPAn8sgV0plRikRVo6g6aR0KyKvgzNrPuM74RZKy/wWVzx3BMk+ZWEueyN3L5v5EDg+P582mKU+sH5OAsg=="],

    "@smithy/util-retry": ["@smithy/util-retry@4.2.4", "", { "dependencies": { "@smithy/service-error-classification": "^4.2.4", "@smithy/types": "^4.8.1", "tslib": "^2.6.2" } }, "sha512-yQncJmj4dtv/isTXxRb4AamZHy4QFr4ew8GxS6XLWt7sCIxkPxPzINWd7WLISEFPsIan14zrKgvyAF+/yzfwoA=="],

    "@smithy/util-stream": ["@smithy/util-stream@4.5.5", "", { "dependencies": { "@smithy/fetch-http-handler": "^5.3.5", "@smithy/node-http-handler": "^4.4.4", "@smithy/types": "^4.8.1", "@smithy/util-base64": "^4.3.0", "@smithy/util-buffer-from": "^4.2.0", "@smithy/util-hex-encoding": "^4.2.0", "@smithy/util-utf8": "^4.2.0", "tslib": "^2.6.2" } }, "sha512-7M5aVFjT+HPilPOKbOmQfCIPchZe4DSBc1wf1+NvHvSoFTiFtauZzT+onZvCj70xhXd0AEmYnZYmdJIuwxOo4w=="],

    "@smithy/util-uri-escape": ["@smithy/util-uri-escape@4.2.0", "", { "dependencies": { "tslib": "^2.6.2" } }, "sha512-igZpCKV9+E/Mzrpq6YacdTQ0qTiLm85gD6N/IrmyDvQFA4UnU3d5g3m8tMT/6zG/vVkWSU+VxeUyGonL62DuxA=="],

    "@smithy/util-utf8": ["@smithy/util-utf8@4.2.0", "", { "dependencies": { "@smithy/util-buffer-from": "^4.2.0", "tslib": "^2.6.2" } }, "sha512-zBPfuzoI8xyBtR2P6WQj63Rz8i3AmfAaJLuNG8dWsfvPe8lO4aCPYLn879mEgHndZH1zQ2oXmG8O1GGzzaoZiw=="],

    "@smithy/uuid": ["@smithy/uuid@1.1.0", "", { "dependencies": { "tslib": "^2.6.2" } }, "sha512-4aUIteuyxtBUhVdiQqcDhKFitwfd9hqoSDYY2KRXiWtgoWJ9Bmise+KfEPDiVHWeJepvF8xJO9/9+WDIciMFFw=="],

    "@types/bun": ["@types/bun@1.3.2", "", { "dependencies": { "bun-types": "1.3.2" } }, "sha512-t15P7k5UIgHKkxwnMNkJbWlh/617rkDGEdSsDbu+qNHTaz9SKf7aC8fiIlUdD5RPpH6GEkP0cK7WlvmrEBRtWg=="],

    "@types/node": ["@types/node@24.10.0", "", { "dependencies": { "undici-types": "~7.16.0" } }, "sha512-qzQZRBqkFsYyaSWXuEHc2WR9c0a0CXwiE5FWUvn7ZM+vdy1uZLfCunD38UzhuB7YN/J11ndbDBcTmOdxJo9Q7A=="],

    "@types/nodemailer": ["@types/nodemailer@7.0.3", "", { "dependencies": { "@aws-sdk/client-sesv2": "^3.839.0", "@types/node": "*" } }, "sha512-fC8w49YQ868IuPWRXqPfLf+MuTRex5Z1qxMoG8rr70riqqbOp2F5xgOKE9fODEBPzpnvjkJXFgK6IL2xgMSTnA=="],

    "@types/react": ["@types/react@19.2.2", "", { "dependencies": { "csstype": "^3.0.2" } }, "sha512-6mDvHUFSjyT2B2yeNx2nUgMxh9LtOWvkhIU3uePn2I2oyNymUAX1NIsdgviM4CH+JSrp2D2hsMvJOkxY+0wNRA=="],

    "aes-js": ["aes-js@4.0.0-beta.5", "", {}, "sha512-G965FqalsNyrPqgEGON7nIx1e/OVENSgiEIzyC63haUMuvNnwIgIjMs52hlTCKhkBny7A2ORNlfY9Zu+jmGk1Q=="],

    "bowser": ["bowser@2.12.1", "", {}, "sha512-z4rE2Gxh7tvshQ4hluIT7XcFrgLIQaw9X3A+kTTRdovCz5PMukm/0QC/BKSYPj3omF5Qfypn9O/c5kgpmvYUCw=="],

    "bun-types": ["bun-types@1.3.2", "", { "dependencies": { "@types/node": "*" }, "peerDependencies": { "@types/react": "^19" } }, "sha512-i/Gln4tbzKNuxP70OWhJRZz1MRfvqExowP7U6JKoI8cntFrtxg7RJK3jvz7wQW54UuvNC8tbKHHri5fy74FVqg=="],

    "csstype": ["csstype@3.1.3", "", {}, "sha512-M1uQkMl8rQK/szD0LNhtqxIPLpimGm8sOBwU7lLnCpSbTyY3yeU1Vc7l4KT5zT4s/yOxHH5O7tIuuLOCnLADRw=="],

    "dotenv": ["dotenv@17.2.3", "", {}, "sha512-JVUnt+DUIzu87TABbhPmNfVdBDt18BLOWjMUFJMSi/Qqg7NTYtabbvSNJGOJ7afbRuv9D/lngizHtP7QyLQ+9w=="],

    "ethers": ["ethers@6.15.0", "", { "dependencies": { "@adraffy/ens-normalize": "1.10.1", "@noble/curves": "1.2.0", "@noble/hashes": "1.3.2", "@types/node": "22.7.5", "aes-js": "4.0.0-beta.5", "tslib": "2.7.0", "ws": "8.17.1" } }, "sha512-Kf/3ZW54L4UT0pZtsY/rf+EkBU7Qi5nnhonjUb8yTXcxH3cdcWrV2cRyk0Xk/4jK6OoHhxxZHriyhje20If2hQ=="],

    "fast-xml-parser": ["fast-xml-parser@5.2.5", "", { "dependencies": { "strnum": "^2.1.0" }, "bin": { "fxparser": "src/cli/cli.js" } }, "sha512-pfX9uG9Ki0yekDHx2SiuRIyFdyAr1kMIMitPvb0YBo8SUfKvia7w7FIyd/l6av85pFYRhZscS75MwMnbvY+hcQ=="],

    "graphql": ["graphql@16.12.0", "", {}, "sha512-DKKrynuQRne0PNpEbzuEdHlYOMksHSUI8Zc9Unei5gTsMNA2/vMpoMz/yKba50pejK56qj98qM0SjYxAKi13gQ=="],

    "graphql-request": ["graphql-request@7.3.1", "", { "dependencies": { "@graphql-typed-document-node/core": "^3.2.0" }, "peerDependencies": { "graphql": "14 - 16" } }, "sha512-GdinBsBVYrWzwEvOlzadrV5j8mdOc9ZT8In9QyRIZaxbhkTL08j35yNbPp96jAacYzjeD/hKKy2E2RGI7c7Yug=="],

    "nodemailer": ["nodemailer@7.0.10", "", {}, "sha512-Us/Se1WtT0ylXgNFfyFSx4LElllVLJXQjWi2Xz17xWw7amDKO2MLtFnVp1WACy7GkVGs+oBlRopVNUzlrGSw1w=="],

    "prettier": ["prettier@3.6.2", "", { "bin": { "prettier": "bin/prettier.cjs" } }, "sha512-I7AIg5boAr5R0FFtJ6rCfD+LFsWHp81dolrFD8S79U9tb8Az2nGrJncnMSnys+bpQJfRUzqs9hnA81OAA3hCuQ=="],

    "strnum": ["strnum@2.1.1", "", {}, "sha512-7ZvoFTiCnGxBtDqJ//Cu6fWtZtc7Y3x+QOirG15wztbdngGSkht27o2pyGWrVy0b4WAy3jbKmnoK6g5VlVNUUw=="],

    "tslib": ["tslib@2.7.0", "", {}, "sha512-gLXCKdN1/j47AiHiOkJN69hJmcbGTHI0ImLmbYLHykhgeN0jVGola9yVjFgzCUklsZQMW55o+dW7IXv3RCXDzA=="],

    "typescript": ["typescript@5.9.3", "", { "bin": { "tsc": "bin/tsc", "tsserver": "bin/tsserver" } }, "sha512-jl1vZzPDinLr9eUt3J/t7V6FgNEw9QjvBPdysz9KfQDD41fQrC2Y4vKQdiaUpFT4bXlb1RHhLpp8wtm6M5TgSw=="],

    "undici-types": ["undici-types@7.16.0", "", {}, "sha512-Zz+aZWSj8LE6zoxD+xrjh4VfkIG8Ya6LvYkZqtUQGJPZjYl53ypCaUwWqo7eI0x66KBGeRo+mlBEkMSeSZ38Nw=="],

    "ws": ["ws@8.17.1", "", { "peerDependencies": { "bufferutil": "^4.0.1", "utf-8-validate": ">=5.0.2" }, "optionalPeers": ["bufferutil", "utf-8-validate"] }, "sha512-6XQFvXTkbfUOZOKKILFG1PDK2NDQs4azKQl26T0YS5CxqWLgXajbPZ+h4gZekJyRqFU8pvnbAbbs/3TgRPy+GQ=="],

    "@aws-crypto/sha256-browser/@smithy/util-utf8": ["@smithy/util-utf8@2.3.0", "", { "dependencies": { "@smithy/util-buffer-from": "^2.2.0", "tslib": "^2.6.2" } }, "sha512-R8Rdn8Hy72KKcebgLiv8jQcQkXoLMOGGv5uI1/k0l+snqkOzQ1R0ChUBCxWMlBsFMekWjq0wRudIweFs7sKT5A=="],

    "@aws-crypto/sha256-browser/tslib": ["tslib@2.8.1", "", {}, "sha512-oJFu94HQb+KVduSUQL7wnpmqnfmLsOA/nAh6b6EH0wCEoK0/mPeXU6c3wKDV83MkOuHPRHtSXKKU99IBazS/2w=="],

    "@aws-crypto/sha256-js/tslib": ["tslib@2.8.1", "", {}, "sha512-oJFu94HQb+KVduSUQL7wnpmqnfmLsOA/nAh6b6EH0wCEoK0/mPeXU6c3wKDV83MkOuHPRHtSXKKU99IBazS/2w=="],

    "@aws-crypto/supports-web-crypto/tslib": ["tslib@2.8.1", "", {}, "sha512-oJFu94HQb+KVduSUQL7wnpmqnfmLsOA/nAh6b6EH0wCEoK0/mPeXU6c3wKDV83MkOuHPRHtSXKKU99IBazS/2w=="],

    "@aws-crypto/util/@smithy/util-utf8": ["@smithy/util-utf8@2.3.0", "", { "dependencies": { "@smithy/util-buffer-from": "^2.2.0", "tslib": "^2.6.2" } }, "sha512-R8Rdn8Hy72KKcebgLiv8jQcQkXoLMOGGv5uI1/k0l+snqkOzQ1R0ChUBCxWMlBsFMekWjq0wRudIweFs7sKT5A=="],

    "@aws-crypto/util/tslib": ["tslib@2.8.1", "", {}, "sha512-oJFu94HQb+KVduSUQL7wnpmqnfmLsOA/nAh6b6EH0wCEoK0/mPeXU6c3wKDV83MkOuHPRHtSXKKU99IBazS/2w=="],

    "@aws-sdk/client-sesv2/tslib": ["tslib@2.8.1", "", {}, "sha512-oJFu94HQb+KVduSUQL7wnpmqnfmLsOA/nAh6b6EH0wCEoK0/mPeXU6c3wKDV83MkOuHPRHtSXKKU99IBazS/2w=="],

    "@aws-sdk/client-sso/tslib": ["tslib@2.8.1", "", {}, "sha512-oJFu94HQb+KVduSUQL7wnpmqnfmLsOA/nAh6b6EH0wCEoK0/mPeXU6c3wKDV83MkOuHPRHtSXKKU99IBazS/2w=="],

    "@aws-sdk/core/tslib": ["tslib@2.8.1", "", {}, "sha512-oJFu94HQb+KVduSUQL7wnpmqnfmLsOA/nAh6b6EH0wCEoK0/mPeXU6c3wKDV83MkOuHPRHtSXKKU99IBazS/2w=="],

    "@aws-sdk/credential-provider-env/tslib": ["tslib@2.8.1", "", {}, "sha512-oJFu94HQb+KVduSUQL7wnpmqnfmLsOA/nAh6b6EH0wCEoK0/mPeXU6c3wKDV83MkOuHPRHtSXKKU99IBazS/2w=="],

    "@aws-sdk/credential-provider-http/tslib": ["tslib@2.8.1", "", {}, "sha512-oJFu94HQb+KVduSUQL7wnpmqnfmLsOA/nAh6b6EH0wCEoK0/mPeXU6c3wKDV83MkOuHPRHtSXKKU99IBazS/2w=="],

    "@aws-sdk/credential-provider-ini/tslib": ["tslib@2.8.1", "", {}, "sha512-oJFu94HQb+KVduSUQL7wnpmqnfmLsOA/nAh6b6EH0wCEoK0/mPeXU6c3wKDV83MkOuHPRHtSXKKU99IBazS/2w=="],

    "@aws-sdk/credential-provider-node/tslib": ["tslib@2.8.1", "", {}, "sha512-oJFu94HQb+KVduSUQL7wnpmqnfmLsOA/nAh6b6EH0wCEoK0/mPeXU6c3wKDV83MkOuHPRHtSXKKU99IBazS/2w=="],

    "@aws-sdk/credential-provider-process/tslib": ["tslib@2.8.1", "", {}, "sha512-oJFu94HQb+KVduSUQL7wnpmqnfmLsOA/nAh6b6EH0wCEoK0/mPeXU6c3wKDV83MkOuHPRHtSXKKU99IBazS/2w=="],

    "@aws-sdk/credential-provider-sso/tslib": ["tslib@2.8.1", "", {}, "sha512-oJFu94HQb+KVduSUQL7wnpmqnfmLsOA/nAh6b6EH0wCEoK0/mPeXU6c3wKDV83MkOuHPRHtSXKKU99IBazS/2w=="],

    "@aws-sdk/credential-provider-web-identity/tslib": ["tslib@2.8.1", "", {}, "sha512-oJFu94HQb+KVduSUQL7wnpmqnfmLsOA/nAh6b6EH0wCEoK0/mPeXU6c3wKDV83MkOuHPRHtSXKKU99IBazS/2w=="],

    "@aws-sdk/middleware-host-header/tslib": ["tslib@2.8.1", "", {}, "sha512-oJFu94HQb+KVduSUQL7wnpmqnfmLsOA/nAh6b6EH0wCEoK0/mPeXU6c3wKDV83MkOuHPRHtSXKKU99IBazS/2w=="],

    "@aws-sdk/middleware-logger/tslib": ["tslib@2.8.1", "", {}, "sha512-oJFu94HQb+KVduSUQL7wnpmqnfmLsOA/nAh6b6EH0wCEoK0/mPeXU6c3wKDV83MkOuHPRHtSXKKU99IBazS/2w=="],

    "@aws-sdk/middleware-recursion-detection/tslib": ["tslib@2.8.1", "", {}, "sha512-oJFu94HQb+KVduSUQL7wnpmqnfmLsOA/nAh6b6EH0wCEoK0/mPeXU6c3wKDV83MkOuHPRHtSXKKU99IBazS/2w=="],

    "@aws-sdk/middleware-sdk-s3/tslib": ["tslib@2.8.1", "", {}, "sha512-oJFu94HQb+KVduSUQL7wnpmqnfmLsOA/nAh6b6EH0wCEoK0/mPeXU6c3wKDV83MkOuHPRHtSXKKU99IBazS/2w=="],

    "@aws-sdk/middleware-user-agent/tslib": ["tslib@2.8.1", "", {}, "sha512-oJFu94HQb+KVduSUQL7wnpmqnfmLsOA/nAh6b6EH0wCEoK0/mPeXU6c3wKDV83MkOuHPRHtSXKKU99IBazS/2w=="],

    "@aws-sdk/nested-clients/tslib": ["tslib@2.8.1", "", {}, "sha512-oJFu94HQb+KVduSUQL7wnpmqnfmLsOA/nAh6b6EH0wCEoK0/mPeXU6c3wKDV83MkOuHPRHtSXKKU99IBazS/2w=="],

    "@aws-sdk/region-config-resolver/tslib": ["tslib@2.8.1", "", {}, "sha512-oJFu94HQb+KVduSUQL7wnpmqnfmLsOA/nAh6b6EH0wCEoK0/mPeXU6c3wKDV83MkOuHPRHtSXKKU99IBazS/2w=="],

    "@aws-sdk/signature-v4-multi-region/tslib": ["tslib@2.8.1", "", {}, "sha512-oJFu94HQb+KVduSUQL7wnpmqnfmLsOA/nAh6b6EH0wCEoK0/mPeXU6c3wKDV83MkOuHPRHtSXKKU99IBazS/2w=="],

    "@aws-sdk/token-providers/tslib": ["tslib@2.8.1", "", {}, "sha512-oJFu94HQb+KVduSUQL7wnpmqnfmLsOA/nAh6b6EH0wCEoK0/mPeXU6c3wKDV83MkOuHPRHtSXKKU99IBazS/2w=="],

    "@aws-sdk/types/tslib": ["tslib@2.8.1", "", {}, "sha512-oJFu94HQb+KVduSUQL7wnpmqnfmLsOA/nAh6b6EH0wCEoK0/mPeXU6c3wKDV83MkOuHPRHtSXKKU99IBazS/2w=="],

    "@aws-sdk/util-arn-parser/tslib": ["tslib@2.8.1", "", {}, "sha512-oJFu94HQb+KVduSUQL7wnpmqnfmLsOA/nAh6b6EH0wCEoK0/mPeXU6c3wKDV83MkOuHPRHtSXKKU99IBazS/2w=="],

    "@aws-sdk/util-endpoints/tslib": ["tslib@2.8.1", "", {}, "sha512-oJFu94HQb+KVduSUQL7wnpmqnfmLsOA/nAh6b6EH0wCEoK0/mPeXU6c3wKDV83MkOuHPRHtSXKKU99IBazS/2w=="],

    "@aws-sdk/util-locate-window/tslib": ["tslib@2.8.1", "", {}, "sha512-oJFu94HQb+KVduSUQL7wnpmqnfmLsOA/nAh6b6EH0wCEoK0/mPeXU6c3wKDV83MkOuHPRHtSXKKU99IBazS/2w=="],

    "@aws-sdk/util-user-agent-browser/tslib": ["tslib@2.8.1", "", {}, "sha512-oJFu94HQb+KVduSUQL7wnpmqnfmLsOA/nAh6b6EH0wCEoK0/mPeXU6c3wKDV83MkOuHPRHtSXKKU99IBazS/2w=="],

    "@aws-sdk/util-user-agent-node/tslib": ["tslib@2.8.1", "", {}, "sha512-oJFu94HQb+KVduSUQL7wnpmqnfmLsOA/nAh6b6EH0wCEoK0/mPeXU6c3wKDV83MkOuHPRHtSXKKU99IBazS/2w=="],

    "@aws-sdk/xml-builder/tslib": ["tslib@2.8.1", "", {}, "sha512-oJFu94HQb+KVduSUQL7wnpmqnfmLsOA/nAh6b6EH0wCEoK0/mPeXU6c3wKDV83MkOuHPRHtSXKKU99IBazS/2w=="],

    "@smithy/abort-controller/tslib": ["tslib@2.8.1", "", {}, "sha512-oJFu94HQb+KVduSUQL7wnpmqnfmLsOA/nAh6b6EH0wCEoK0/mPeXU6c3wKDV83MkOuHPRHtSXKKU99IBazS/2w=="],

    "@smithy/config-resolver/tslib": ["tslib@2.8.1", "", {}, "sha512-oJFu94HQb+KVduSUQL7wnpmqnfmLsOA/nAh6b6EH0wCEoK0/mPeXU6c3wKDV83MkOuHPRHtSXKKU99IBazS/2w=="],

    "@smithy/core/tslib": ["tslib@2.8.1", "", {}, "sha512-oJFu94HQb+KVduSUQL7wnpmqnfmLsOA/nAh6b6EH0wCEoK0/mPeXU6c3wKDV83MkOuHPRHtSXKKU99IBazS/2w=="],

    "@smithy/credential-provider-imds/tslib": ["tslib@2.8.1", "", {}, "sha512-oJFu94HQb+KVduSUQL7wnpmqnfmLsOA/nAh6b6EH0wCEoK0/mPeXU6c3wKDV83MkOuHPRHtSXKKU99IBazS/2w=="],

    "@smithy/fetch-http-handler/tslib": ["tslib@2.8.1", "", {}, "sha512-oJFu94HQb+KVduSUQL7wnpmqnfmLsOA/nAh6b6EH0wCEoK0/mPeXU6c3wKDV83MkOuHPRHtSXKKU99IBazS/2w=="],

    "@smithy/hash-node/tslib": ["tslib@2.8.1", "", {}, "sha512-oJFu94HQb+KVduSUQL7wnpmqnfmLsOA/nAh6b6EH0wCEoK0/mPeXU6c3wKDV83MkOuHPRHtSXKKU99IBazS/2w=="],

    "@smithy/invalid-dependency/tslib": ["tslib@2.8.1", "", {}, "sha512-oJFu94HQb+KVduSUQL7wnpmqnfmLsOA/nAh6b6EH0wCEoK0/mPeXU6c3wKDV83MkOuHPRHtSXKKU99IBazS/2w=="],

    "@smithy/is-array-buffer/tslib": ["tslib@2.8.1", "", {}, "sha512-oJFu94HQb+KVduSUQL7wnpmqnfmLsOA/nAh6b6EH0wCEoK0/mPeXU6c3wKDV83MkOuHPRHtSXKKU99IBazS/2w=="],

    "@smithy/middleware-content-length/tslib": ["tslib@2.8.1", "", {}, "sha512-oJFu94HQb+KVduSUQL7wnpmqnfmLsOA/nAh6b6EH0wCEoK0/mPeXU6c3wKDV83MkOuHPRHtSXKKU99IBazS/2w=="],

    "@smithy/middleware-endpoint/tslib": ["tslib@2.8.1", "", {}, "sha512-oJFu94HQb+KVduSUQL7wnpmqnfmLsOA/nAh6b6EH0wCEoK0/mPeXU6c3wKDV83MkOuHPRHtSXKKU99IBazS/2w=="],

    "@smithy/middleware-retry/tslib": ["tslib@2.8.1", "", {}, "sha512-oJFu94HQb+KVduSUQL7wnpmqnfmLsOA/nAh6b6EH0wCEoK0/mPeXU6c3wKDV83MkOuHPRHtSXKKU99IBazS/2w=="],

    "@smithy/middleware-serde/tslib": ["tslib@2.8.1", "", {}, "sha512-oJFu94HQb+KVduSUQL7wnpmqnfmLsOA/nAh6b6EH0wCEoK0/mPeXU6c3wKDV83MkOuHPRHtSXKKU99IBazS/2w=="],

    "@smithy/middleware-stack/tslib": ["tslib@2.8.1", "", {}, "sha512-oJFu94HQb+KVduSUQL7wnpmqnfmLsOA/nAh6b6EH0wCEoK0/mPeXU6c3wKDV83MkOuHPRHtSXKKU99IBazS/2w=="],

    "@smithy/node-config-provider/tslib": ["tslib@2.8.1", "", {}, "sha512-oJFu94HQb+KVduSUQL7wnpmqnfmLsOA/nAh6b6EH0wCEoK0/mPeXU6c3wKDV83MkOuHPRHtSXKKU99IBazS/2w=="],

    "@smithy/node-http-handler/tslib": ["tslib@2.8.1", "", {}, "sha512-oJFu94HQb+KVduSUQL7wnpmqnfmLsOA/nAh6b6EH0wCEoK0/mPeXU6c3wKDV83MkOuHPRHtSXKKU99IBazS/2w=="],

    "@smithy/property-provider/tslib": ["tslib@2.8.1", "", {}, "sha512-oJFu94HQb+KVduSUQL7wnpmqnfmLsOA/nAh6b6EH0wCEoK0/mPeXU6c3wKDV83MkOuHPRHtSXKKU99IBazS/2w=="],

    "@smithy/protocol-http/tslib": ["tslib@2.8.1", "", {}, "sha512-oJFu94HQb+KVduSUQL7wnpmqnfmLsOA/nAh6b6EH0wCEoK0/mPeXU6c3wKDV83MkOuHPRHtSXKKU99IBazS/2w=="],

    "@smithy/querystring-builder/tslib": ["tslib@2.8.1", "", {}, "sha512-oJFu94HQb+KVduSUQL7wnpmqnfmLsOA/nAh6b6EH0wCEoK0/mPeXU6c3wKDV83MkOuHPRHtSXKKU99IBazS/2w=="],

    "@smithy/querystring-parser/tslib": ["tslib@2.8.1", "", {}, "sha512-oJFu94HQb+KVduSUQL7wnpmqnfmLsOA/nAh6b6EH0wCEoK0/mPeXU6c3wKDV83MkOuHPRHtSXKKU99IBazS/2w=="],

    "@smithy/shared-ini-file-loader/tslib": ["tslib@2.8.1", "", {}, "sha512-oJFu94HQb+KVduSUQL7wnpmqnfmLsOA/nAh6b6EH0wCEoK0/mPeXU6c3wKDV83MkOuHPRHtSXKKU99IBazS/2w=="],

    "@smithy/signature-v4/tslib": ["tslib@2.8.1", "", {}, "sha512-oJFu94HQb+KVduSUQL7wnpmqnfmLsOA/nAh6b6EH0wCEoK0/mPeXU6c3wKDV83MkOuHPRHtSXKKU99IBazS/2w=="],

    "@smithy/smithy-client/tslib": ["tslib@2.8.1", "", {}, "sha512-oJFu94HQb+KVduSUQL7wnpmqnfmLsOA/nAh6b6EH0wCEoK0/mPeXU6c3wKDV83MkOuHPRHtSXKKU99IBazS/2w=="],

    "@smithy/types/tslib": ["tslib@2.8.1", "", {}, "sha512-oJFu94HQb+KVduSUQL7wnpmqnfmLsOA/nAh6b6EH0wCEoK0/mPeXU6c3wKDV83MkOuHPRHtSXKKU99IBazS/2w=="],

    "@smithy/url-parser/tslib": ["tslib@2.8.1", "", {}, "sha512-oJFu94HQb+KVduSUQL7wnpmqnfmLsOA/nAh6b6EH0wCEoK0/mPeXU6c3wKDV83MkOuHPRHtSXKKU99IBazS/2w=="],

    "@smithy/util-base64/tslib": ["tslib@2.8.1", "", {}, "sha512-oJFu94HQb+KVduSUQL7wnpmqnfmLsOA/nAh6b6EH0wCEoK0/mPeXU6c3wKDV83MkOuHPRHtSXKKU99IBazS/2w=="],

    "@smithy/util-body-length-browser/tslib": ["tslib@2.8.1", "", {}, "sha512-oJFu94HQb+KVduSUQL7wnpmqnfmLsOA/nAh6b6EH0wCEoK0/mPeXU6c3wKDV83MkOuHPRHtSXKKU99IBazS/2w=="],

    "@smithy/util-body-length-node/tslib": ["tslib@2.8.1", "", {}, "sha512-oJFu94HQb+KVduSUQL7wnpmqnfmLsOA/nAh6b6EH0wCEoK0/mPeXU6c3wKDV83MkOuHPRHtSXKKU99IBazS/2w=="],

    "@smithy/util-buffer-from/tslib": ["tslib@2.8.1", "", {}, "sha512-oJFu94HQb+KVduSUQL7wnpmqnfmLsOA/nAh6b6EH0wCEoK0/mPeXU6c3wKDV83MkOuHPRHtSXKKU99IBazS/2w=="],

    "@smithy/util-config-provider/tslib": ["tslib@2.8.1", "", {}, "sha512-oJFu94HQb+KVduSUQL7wnpmqnfmLsOA/nAh6b6EH0wCEoK0/mPeXU6c3wKDV83MkOuHPRHtSXKKU99IBazS/2w=="],

    "@smithy/util-defaults-mode-browser/tslib": ["tslib@2.8.1", "", {}, "sha512-oJFu94HQb+KVduSUQL7wnpmqnfmLsOA/nAh6b6EH0wCEoK0/mPeXU6c3wKDV83MkOuHPRHtSXKKU99IBazS/2w=="],

    "@smithy/util-defaults-mode-node/tslib": ["tslib@2.8.1", "", {}, "sha512-oJFu94HQb+KVduSUQL7wnpmqnfmLsOA/nAh6b6EH0wCEoK0/mPeXU6c3wKDV83MkOuHPRHtSXKKU99IBazS/2w=="],

    "@smithy/util-endpoints/tslib": ["tslib@2.8.1", "", {}, "sha512-oJFu94HQb+KVduSUQL7wnpmqnfmLsOA/nAh6b6EH0wCEoK0/mPeXU6c3wKDV83MkOuHPRHtSXKKU99IBazS/2w=="],

    "@smithy/util-hex-encoding/tslib": ["tslib@2.8.1", "", {}, "sha512-oJFu94HQb+KVduSUQL7wnpmqnfmLsOA/nAh6b6EH0wCEoK0/mPeXU6c3wKDV83MkOuHPRHtSXKKU99IBazS/2w=="],

    "@smithy/util-middleware/tslib": ["tslib@2.8.1", "", {}, "sha512-oJFu94HQb+KVduSUQL7wnpmqnfmLsOA/nAh6b6EH0wCEoK0/mPeXU6c3wKDV83MkOuHPRHtSXKKU99IBazS/2w=="],

    "@smithy/util-retry/tslib": ["tslib@2.8.1", "", {}, "sha512-oJFu94HQb+KVduSUQL7wnpmqnfmLsOA/nAh6b6EH0wCEoK0/mPeXU6c3wKDV83MkOuHPRHtSXKKU99IBazS/2w=="],

    "@smithy/util-stream/tslib": ["tslib@2.8.1", "", {}, "sha512-oJFu94HQb+KVduSUQL7wnpmqnfmLsOA/nAh6b6EH0wCEoK0/mPeXU6c3wKDV83MkOuHPRHtSXKKU99IBazS/2w=="],

    "@smithy/util-uri-escape/tslib": ["tslib@2.8.1", "", {}, "sha512-oJFu94HQb+KVduSUQL7wnpmqnfmLsOA/nAh6b6EH0wCEoK0/mPeXU6c3wKDV83MkOuHPRHtSXKKU99IBazS/2w=="],

    "@smithy/util-utf8/tslib": ["tslib@2.8.1", "", {}, "sha512-oJFu94HQb+KVduSUQL7wnpmqnfmLsOA/nAh6b6EH0wCEoK0/mPeXU6c3wKDV83MkOuHPRHtSXKKU99IBazS/2w=="],

    "@smithy/uuid/tslib": ["tslib@2.8.1", "", {}, "sha512-oJFu94HQb+KVduSUQL7wnpmqnfmLsOA/nAh6b6EH0wCEoK0/mPeXU6c3wKDV83MkOuHPRHtSXKKU99IBazS/2w=="],

    "ethers/@types/node": ["@types/node@22.7.5", "", { "dependencies": { "undici-types": "~6.19.2" } }, "sha512-jML7s2NAzMWc//QSJ1a3prpk78cOPchGvXJsC3C6R6PSMoooztvRVQEz89gmBTBY1SPMaqo5teB4uNHPdetShQ=="],

    "@aws-crypto/sha256-browser/@smithy/util-utf8/@smithy/util-buffer-from": ["@smithy/util-buffer-from@2.2.0", "", { "dependencies": { "@smithy/is-array-buffer": "^2.2.0", "tslib": "^2.6.2" } }, "sha512-IJdWBbTcMQ6DA0gdNhh/BwrLkDR+ADW5Kr1aZmd4k3DIF6ezMV4R2NIAmT08wQJ3yUK82thHWmC/TnK/wpMMIA=="],

    "@aws-crypto/util/@smithy/util-utf8/@smithy/util-buffer-from": ["@smithy/util-buffer-from@2.2.0", "", { "dependencies": { "@smithy/is-array-buffer": "^2.2.0", "tslib": "^2.6.2" } }, "sha512-IJdWBbTcMQ6DA0gdNhh/BwrLkDR+ADW5Kr1aZmd4k3DIF6ezMV4R2NIAmT08wQJ3yUK82thHWmC/TnK/wpMMIA=="],

    "ethers/@types/node/undici-types": ["undici-types@6.19.8", "", {}, "sha512-ve2KP6f/JnbPBFyobGHuerC9g1FYGn/F8n1LWTwNxCEzd6IfqTwUQcNXgEtmmQ6DlRrC1hrSrBnCZPokRrDHjw=="],

    "@aws-crypto/sha256-browser/@smithy/util-utf8/@smithy/util-buffer-from/@smithy/is-array-buffer": ["@smithy/is-array-buffer@2.2.0", "", { "dependencies": { "tslib": "^2.6.2" } }, "sha512-GGP3O9QFD24uGeAXYUjwSTXARoqpZykHadOmA8G5vfJPK0/DC67qa//0qvqrJzL1xc8WQWX7/yc7fwudjPHPhA=="],

    "@aws-crypto/util/@smithy/util-utf8/@smithy/util-buffer-from/@smithy/is-array-buffer": ["@smithy/is-array-buffer@2.2.0", "", { "dependencies": { "tslib": "^2.6.2" } }, "sha512-GGP3O9QFD24uGeAXYUjwSTXARoqpZykHadOmA8G5vfJPK0/DC67qa//0qvqrJzL1xc8WQWX7/yc7fwudjPHPhA=="],
  }
}
